// !$*UTF8*$!
{
	archiveVersion = 1;
	classes = {
	};
	objectVersion = 48;
	objects = {

/* Begin PBXBuildFile section */
		0EC6822520774D4400BC310D /* AppDelegate.m in Sources */ = {isa = PBXBuildFile; fileRef = 0EC6822420774D4400BC310D /* AppDelegate.m */; };
		0EC6822820774D4400BC310D /* ViewController.m in Sources */ = {isa = PBXBuildFile; fileRef = 0EC6822720774D4400BC310D /* ViewController.m */; };
		0EC6822B20774D4400BC310D /* Main.storyboard in Resources */ = {isa = PBXBuildFile; fileRef = 0EC6822920774D4400BC310D /* Main.storyboard */; };
		0EC6822D20774D4400BC310D /* Assets.xcassets in Resources */ = {isa = PBXBuildFile; fileRef = 0EC6822C20774D4400BC310D /* Assets.xcassets */; };
		0EC6823020774D4400BC310D /* LaunchScreen.storyboard in Resources */ = {isa = PBXBuildFile; fileRef = 0EC6822E20774D4400BC310D /* LaunchScreen.storyboard */; };
		0EC6823320774D4500BC310D /* main.m in Sources */ = {isa = PBXBuildFile; fileRef = 0EC6823220774D4500BC310D /* main.m */; };
		0EC6823D20774D4500BC310D /* OneQianDaoTests.m in Sources */ = {isa = PBXBuildFile; fileRef = 0EC6823C20774D4500BC310D /* OneQianDaoTests.m */; };
		0EC6824820774D4500BC310D /* OneQianDaoUITests.m in Sources */ = {isa = PBXBuildFile; fileRef = 0EC6824720774D4500BC310D /* OneQianDaoUITests.m */; };
		0EC6825B20775B3100BC310D /* CardLayOut.m in Sources */ = {isa = PBXBuildFile; fileRef = 0EC6825920775B3100BC310D /* CardLayOut.m */; };
		0EC682602077645500BC310D /* cardDataPlist.plist in Resources */ = {isa = PBXBuildFile; fileRef = 0EC6825F2077645500BC310D /* cardDataPlist.plist */; };
/* End PBXBuildFile section */

/* Begin PBXContainerItemProxy section */
		0EC6823920774D4500BC310D /* PBXContainerItemProxy */ = {
			isa = PBXContainerItemProxy;
			containerPortal = 0EC6821820774D4400BC310D /* Project object */;
			proxyType = 1;
			remoteGlobalIDString = 0EC6821F20774D4400BC310D;
			remoteInfo = OneQianDao;
		};
		0EC6824420774D4500BC310D /* PBXContainerItemProxy */ = {
			isa = PBXContainerItemProxy;
			containerPortal = 0EC6821820774D4400BC310D /* Project object */;
			proxyType = 1;
			remoteGlobalIDString = 0EC6821F20774D4400BC310D;
			remoteInfo = OneQianDao;
		};
/* End PBXContainerItemProxy section */

/* Begin PBXFileReference section */
		0EC6822020774D4400BC310D /* OneQianDao.app */ = {isa = PBXFileReference; explicitFileType = wrapper.application; includeInIndex = 0; path = OneQianDao.app; sourceTree = BUILT_PRODUCTS_DIR; };
		0EC6822320774D4400BC310D /* AppDelegate.h */ = {isa = PBXFileReference; lastKnownFileType = sourcecode.c.h; path = AppDelegate.h; sourceTree = "<group>"; };
		0EC6822420774D4400BC310D /* AppDelegate.m */ = {isa = PBXFileReference; lastKnownFileType = sourcecode.c.objc; path = AppDelegate.m; sourceTree = "<group>"; };
		0EC6822620774D4400BC310D /* ViewController.h */ = {isa = PBXFileReference; lastKnownFileType = sourcecode.c.h; path = ViewController.h; sourceTree = "<group>"; };
		0EC6822720774D4400BC310D /* ViewController.m */ = {isa = PBXFileReference; lastKnownFileType = sourcecode.c.objc; path = ViewController.m; sourceTree = "<group>"; };
		0EC6822A20774D4400BC310D /* Base */ = {isa = PBXFileReference; lastKnownFileType = file.storyboard; name = Base; path = Base.lproj/Main.storyboard; sourceTree = "<group>"; };
		0EC6822C20774D4400BC310D /* Assets.xcassets */ = {isa = PBXFileReference; lastKnownFileType = folder.assetcatalog; path = Assets.xcassets; sourceTree = "<group>"; };
		0EC6822F20774D4400BC310D /* Base */ = {isa = PBXFileReference; lastKnownFileType = file.storyboard; name = Base; path = Base.lproj/LaunchScreen.storyboard; sourceTree = "<group>"; };
		0EC6823120774D4400BC310D /* Info.plist */ = {isa = PBXFileReference; lastKnownFileType = text.plist.xml; path = Info.plist; sourceTree = "<group>"; };
		0EC6823220774D4500BC310D /* main.m */ = {isa = PBXFileReference; lastKnownFileType = sourcecode.c.objc; path = main.m; sourceTree = "<group>"; };
		0EC6823820774D4500BC310D /* OneQianDaoTests.xctest */ = {isa = PBXFileReference; explicitFileType = wrapper.cfbundle; includeInIndex = 0; path = OneQianDaoTests.xctest; sourceTree = BUILT_PRODUCTS_DIR; };
		0EC6823C20774D4500BC310D /* OneQianDaoTests.m */ = {isa = PBXFileReference; lastKnownFileType = sourcecode.c.objc; path = OneQianDaoTests.m; sourceTree = "<group>"; };
		0EC6823E20774D4500BC310D /* Info.plist */ = {isa = PBXFileReference; lastKnownFileType = text.plist.xml; path = Info.plist; sourceTree = "<group>"; };
		0EC6824320774D4500BC310D /* OneQianDaoUITests.xctest */ = {isa = PBXFileReference; explicitFileType = wrapper.cfbundle; includeInIndex = 0; path = OneQianDaoUITests.xctest; sourceTree = BUILT_PRODUCTS_DIR; };
		0EC6824720774D4500BC310D /* OneQianDaoUITests.m */ = {isa = PBXFileReference; lastKnownFileType = sourcecode.c.objc; path = OneQianDaoUITests.m; sourceTree = "<group>"; };
		0EC6824920774D4500BC310D /* Info.plist */ = {isa = PBXFileReference; lastKnownFileType = text.plist.xml; path = Info.plist; sourceTree = "<group>"; };
		0EC6825920775B3100BC310D /* CardLayOut.m */ = {isa = PBXFileReference; fileEncoding = 4; lastKnownFileType = sourcecode.c.objc; path = CardLayOut.m; sourceTree = "<group>"; };
		0EC6825A20775B3100BC310D /* CardLayOut.h */ = {isa = PBXFileReference; fileEncoding = 4; lastKnownFileType = sourcecode.c.h; path = CardLayOut.h; sourceTree = "<group>"; };
		0EC6825F2077645500BC310D /* cardDataPlist.plist */ = {isa = PBXFileReference; lastKnownFileType = text.plist.xml; path = cardDataPlist.plist; sourceTree = "<group>"; };
/* End PBXFileReference section */

/* Begin PBXFrameworksBuildPhase section */
		0EC6821D20774D4400BC310D /* Frameworks */ = {
			isa = PBXFrameworksBuildPhase;
			buildActionMask = 2147483647;
			files = (
			);
			runOnlyForDeploymentPostprocessing = 0;
		};
		0EC6823520774D4500BC310D /* Frameworks */ = {
			isa = PBXFrameworksBuildPhase;
			buildActionMask = 2147483647;
			files = (
			);
			runOnlyForDeploymentPostprocessing = 0;
		};
		0EC6824020774D4500BC310D /* Frameworks */ = {
			isa = PBXFrameworksBuildPhase;
			buildActionMask = 2147483647;
			files = (
			);
			runOnlyForDeploymentPostprocessing = 0;
		};
/* End PBXFrameworksBuildPhase section */

/* Begin PBXGroup section */
		0EC6821720774D4400BC310D = {
			isa = PBXGroup;
			children = (
				0EC6822220774D4400BC310D /* OneQianDao */,
				0EC6823B20774D4500BC310D /* OneQianDaoTests */,
				0EC6824620774D4500BC310D /* OneQianDaoUITests */,
				0EC6822120774D4400BC310D /* Products */,
			);
			sourceTree = "<group>";
		};
		0EC6822120774D4400BC310D /* Products */ = {
			isa = PBXGroup;
			children = (
				0EC6822020774D4400BC310D /* OneQianDao.app */,
				0EC6823820774D4500BC310D /* OneQianDaoTests.xctest */,
				0EC6824320774D4500BC310D /* OneQianDaoUITests.xctest */,
			);
			name = Products;
			sourceTree = "<group>";
		};
		0EC6822220774D4400BC310D /* OneQianDao */ = {
			isa = PBXGroup;
			children = (
				0EC6822320774D4400BC310D /* AppDelegate.h */,
				0EC6822420774D4400BC310D /* AppDelegate.m */,
				0EC6825820775B1200BC310D /* layout */,
				0EC6822620774D4400BC310D /* ViewController.h */,
				0EC6822720774D4400BC310D /* ViewController.m */,
				0EC6822920774D4400BC310D /* Main.storyboard */,
				0EC6822C20774D4400BC310D /* Assets.xcassets */,
				0EC6822E20774D4400BC310D /* LaunchScreen.storyboard */,
				0EC6823120774D4400BC310D /* Info.plist */,
				0EC6823220774D4500BC310D /* main.m */,
				0EC6825F2077645500BC310D /* cardDataPlist.plist */,
			);
			path = OneQianDao;
			sourceTree = "<group>";
		};
		0EC6823B20774D4500BC310D /* OneQianDaoTests */ = {
			isa = PBXGroup;
			children = (
				0EC6823C20774D4500BC310D /* OneQianDaoTests.m */,
				0EC6823E20774D4500BC310D /* Info.plist */,
			);
			path = OneQianDaoTests;
			sourceTree = "<group>";
		};
		0EC6824620774D4500BC310D /* OneQianDaoUITests */ = {
			isa = PBXGroup;
			children = (
				0EC6824720774D4500BC310D /* OneQianDaoUITests.m */,
				0EC6824920774D4500BC310D /* Info.plist */,
			);
			path = OneQianDaoUITests;
			sourceTree = "<group>";
		};
		0EC6825820775B1200BC310D /* layout */ = {
			isa = PBXGroup;
			children = (
				0EC6825A20775B3100BC310D /* CardLayOut.h */,
				0EC6825920775B3100BC310D /* CardLayOut.m */,
			);
			path = layout;
			sourceTree = "<group>";
		};
/* End PBXGroup section */

/* Begin PBXNativeTarget section */
		0EC6821F20774D4400BC310D /* OneQianDao */ = {
			isa = PBXNativeTarget;
			buildConfigurationList = 0EC6824C20774D4500BC310D /* Build configuration list for PBXNativeTarget "OneQianDao" */;
			buildPhases = (
				0EC6821C20774D4400BC310D /* Sources */,
				0EC6821D20774D4400BC310D /* Frameworks */,
				0EC6821E20774D4400BC310D /* Resources */,
			);
			buildRules = (
			);
			dependencies = (
			);
			name = OneQianDao;
			productName = OneQianDao;
			productReference = 0EC6822020774D4400BC310D /* OneQianDao.app */;
			productType = "com.apple.product-type.application";
		};
		0EC6823720774D4500BC310D /* OneQianDaoTests */ = {
			isa = PBXNativeTarget;
			buildConfigurationList = 0EC6824F20774D4500BC310D /* Build configuration list for PBXNativeTarget "OneQianDaoTests" */;
			buildPhases = (
				0EC6823420774D4500BC310D /* Sources */,
				0EC6823520774D4500BC310D /* Frameworks */,
				0EC6823620774D4500BC310D /* Resources */,
			);
			buildRules = (
			);
			dependencies = (
				0EC6823A20774D4500BC310D /* PBXTargetDependency */,
			);
			name = OneQianDaoTests;
			productName = OneQianDaoTests;
			productReference = 0EC6823820774D4500BC310D /* OneQianDaoTests.xctest */;
			productType = "com.apple.product-type.bundle.unit-test";
		};
		0EC6824220774D4500BC310D /* OneQianDaoUITests */ = {
			isa = PBXNativeTarget;
			buildConfigurationList = 0EC6825220774D4500BC310D /* Build configuration list for PBXNativeTarget "OneQianDaoUITests" */;
			buildPhases = (
				0EC6823F20774D4500BC310D /* Sources */,
				0EC6824020774D4500BC310D /* Frameworks */,
				0EC6824120774D4500BC310D /* Resources */,
			);
			buildRules = (
			);
			dependencies = (
				0EC6824520774D4500BC310D /* PBXTargetDependency */,
			);
			name = OneQianDaoUITests;
			productName = OneQianDaoUITests;
			productReference = 0EC6824320774D4500BC310D /* OneQianDaoUITests.xctest */;
			productType = "com.apple.product-type.bundle.ui-testing";
		};
/* End PBXNativeTarget section */

/* Begin PBXProject section */
		0EC6821820774D4400BC310D /* Project object */ = {
			isa = PBXProject;
			attributes = {
				LastUpgradeCheck = 0920;
				ORGANIZATIONNAME = jayking;
				TargetAttributes = {
					0EC6821F20774D4400BC310D = {
						CreatedOnToolsVersion = 9.2;
						ProvisioningStyle = Automatic;
					};
					0EC6823720774D4500BC310D = {
						CreatedOnToolsVersion = 9.2;
						ProvisioningStyle = Automatic;
						TestTargetID = 0EC6821F20774D4400BC310D;
					};
					0EC6824220774D4500BC310D = {
						CreatedOnToolsVersion = 9.2;
						ProvisioningStyle = Automatic;
						TestTargetID = 0EC6821F20774D4400BC310D;
					};
				};
			};
			buildConfigurationList = 0EC6821B20774D4400BC310D /* Build configuration list for PBXProject "OneQianDao" */;
			compatibilityVersion = "Xcode 8.0";
			developmentRegion = en;
			hasScannedForEncodings = 0;
			knownRegions = (
				en,
				Base,
			);
			mainGroup = 0EC6821720774D4400BC310D;
			productRefGroup = 0EC6822120774D4400BC310D /* Products */;
			projectDirPath = "";
			projectRoot = "";
			targets = (
				0EC6821F20774D4400BC310D /* OneQianDao */,
				0EC6823720774D4500BC310D /* OneQianDaoTests */,
				0EC6824220774D4500BC310D /* OneQianDaoUITests */,
			);
		};
/* End PBXProject section */

/* Begin PBXResourcesBuildPhase section */
		0EC6821E20774D4400BC310D /* Resources */ = {
			isa = PBXResourcesBuildPhase;
			buildActionMask = 2147483647;
			files = (
				0EC6823020774D4400BC310D /* LaunchScreen.storyboard in Resources */,
				0EC682602077645500BC310D /* cardDataPlist.plist in Resources */,
				0EC6822D20774D4400BC310D /* Assets.xcassets in Resources */,
				0EC6822B20774D4400BC310D /* Main.storyboard in Resources */,
			);
			runOnlyForDeploymentPostprocessing = 0;
		};
		0EC6823620774D4500BC310D /* Resources */ = {
			isa = PBXResourcesBuildPhase;
			buildActionMask = 2147483647;
			files = (
			);
			runOnlyForDeploymentPostprocessing = 0;
		};
		0EC6824120774D4500BC310D /* Resources */ = {
			isa = PBXResourcesBuildPhase;
			buildActionMask = 2147483647;
			files = (
			);
			runOnlyForDeploymentPostprocessing = 0;
		};
/* End PBXResourcesBuildPhase section */

/* Begin PBXSourcesBuildPhase section */
		0EC6821C20774D4400BC310D /* Sources */ = {
			isa = PBXSourcesBuildPhase;
			buildActionMask = 2147483647;
			files = (
				0EC6825B20775B3100BC310D /* CardLayOut.m in Sources */,
				0EC6822820774D4400BC310D /* ViewController.m in Sources */,
				0EC6823320774D4500BC310D /* main.m in Sources */,
				0EC6822520774D4400BC310D /* AppDelegate.m in Sources */,
			);
			runOnlyForDeploymentPostprocessing = 0;
		};
		0EC6823420774D4500BC310D /* Sources */ = {
			isa = PBXSourcesBuildPhase;
			buildActionMask = 2147483647;
			files = (
				0EC6823D20774D4500BC310D /* OneQianDaoTests.m in Sources */,
			);
			runOnlyForDeploymentPostprocessing = 0;
		};
		0EC6823F20774D4500BC310D /* Sources */ = {
			isa = PBXSourcesBuildPhase;
			buildActionMask = 2147483647;
			files = (
				0EC6824820774D4500BC310D /* OneQianDaoUITests.m in Sources */,
			);
			runOnlyForDeploymentPostprocessing = 0;
		};
/* End PBXSourcesBuildPhase section */

/* Begin PBXTargetDependency section */
		0EC6823A20774D4500BC310D /* PBXTargetDependency */ = {
			isa = PBXTargetDependency;
			target = 0EC6821F20774D4400BC310D /* OneQianDao */;
			targetProxy = 0EC6823920774D4500BC310D /* PBXContainerItemProxy */;
		};
		0EC6824520774D4500BC310D /* PBXTargetDependency */ = {
			isa = PBXTargetDependency;
			target = 0EC6821F20774D4400BC310D /* OneQianDao */;
			targetProxy = 0EC6824420774D4500BC310D /* PBXContainerItemProxy */;
		};
/* End PBXTargetDependency section */

/* Begin PBXVariantGroup section */
		0EC6822920774D4400BC310D /* Main.storyboard */ = {
			isa = PBXVariantGroup;
			children = (
				0EC6822A20774D4400BC310D /* Base */,
			);
			name = Main.storyboard;
			sourceTree = "<group>";
		};
		0EC6822E20774D4400BC310D /* LaunchScreen.storyboard */ = {
			isa = PBXVariantGroup;
			children = (
				0EC6822F20774D4400BC310D /* Base */,
			);
			name = LaunchScreen.storyboard;
			sourceTree = "<group>";
		};
/* End PBXVariantGroup section */

/* Begin XCBuildConfiguration section */
		0EC6824A20774D4500BC310D /* Debug */ = {
			isa = XCBuildConfiguration;
			buildSettings = {
				ALWAYS_SEARCH_USER_PATHS = NO;
				CLANG_ANALYZER_NONNULL = YES;
				CLANG_ANALYZER_NUMBER_OBJECT_CONVERSION = YES_AGGRESSIVE;
				CLANG_CXX_LANGUAGE_STANDARD = "gnu++14";
				CLANG_CXX_LIBRARY = "libc++";
				CLANG_ENABLE_MODULES = YES;
				CLANG_ENABLE_OBJC_ARC = YES;
				CLANG_WARN_BLOCK_CAPTURE_AUTORELEASING = YES;
				CLANG_WARN_BOOL_CONVERSION = YES;
				CLANG_WARN_COMMA = YES;
				CLANG_WARN_CONSTANT_CONVERSION = YES;
				CLANG_WARN_DIRECT_OBJC_ISA_USAGE = YES_ERROR;
				CLANG_WARN_DOCUMENTATION_COMMENTS = YES;
				CLANG_WARN_EMPTY_BODY = YES;
				CLANG_WARN_ENUM_CONVERSION = YES;
				CLANG_WARN_INFINITE_RECURSION = YES;
				CLANG_WARN_INT_CONVERSION = YES;
				CLANG_WARN_NON_LITERAL_NULL_CONVERSION = YES;
				CLANG_WARN_OBJC_LITERAL_CONVERSION = YES;
				CLANG_WARN_OBJC_ROOT_CLASS = YES_ERROR;
				CLANG_WARN_RANGE_LOOP_ANALYSIS = YES;
				CLANG_WARN_STRICT_PROTOTYPES = YES;
				CLANG_WARN_SUSPICIOUS_MOVE = YES;
				CLANG_WARN_UNGUARDED_AVAILABILITY = YES_AGGRESSIVE;
				CLANG_WARN_UNREACHABLE_CODE = YES;
				CLANG_WARN__DUPLICATE_METHOD_MATCH = YES;
				CODE_SIGN_IDENTITY = "iPhone Developer";
				COPY_PHASE_STRIP = NO;
				DEBUG_INFORMATION_FORMAT = dwarf;
				ENABLE_STRICT_OBJC_MSGSEND = YES;
				ENABLE_TESTABILITY = YES;
				GCC_C_LANGUAGE_STANDARD = gnu11;
				GCC_DYNAMIC_NO_PIC = NO;
				GCC_NO_COMMON_BLOCKS = YES;
				GCC_OPTIMIZATION_LEVEL = 0;
				GCC_PREPROCESSOR_DEFINITIONS = (
					"DEBUG=1",
					"$(inherited)",
				);
				GCC_WARN_64_TO_32_BIT_CONVERSION = YES;
				GCC_WARN_ABOUT_RETURN_TYPE = YES_ERROR;
				GCC_WARN_UNDECLARED_SELECTOR = YES;
				GCC_WARN_UNINITIALIZED_AUTOS = YES_AGGRESSIVE;
				GCC_WARN_UNUSED_FUNCTION = YES;
				GCC_WARN_UNUSED_VARIABLE = YES;
				IPHONEOS_DEPLOYMENT_TARGET = 11.2;
				MTL_ENABLE_DEBUG_INFO = YES;
				ONLY_ACTIVE_ARCH = YES;
				SDKROOT = iphoneos;
			};
			name = Debug;
		};
		0EC6824B20774D4500BC310D /* Release */ = {
			isa = XCBuildConfiguration;
			buildSettings = {
				ALWAYS_SEARCH_USER_PATHS = NO;
				CLANG_ANALYZER_NONNULL = YES;
				CLANG_ANALYZER_NUMBER_OBJECT_CONVERSION = YES_AGGRESSIVE;
				CLANG_CXX_LANGUAGE_STANDARD = "gnu++14";
				CLANG_CXX_LIBRARY = "libc++";
				CLANG_ENABLE_MODULES = YES;
				CLANG_ENABLE_OBJC_ARC = YES;
				CLANG_WARN_BLOCK_CAPTURE_AUTORELEASING = YES;
				CLANG_WARN_BOOL_CONVERSION = YES;
				CLANG_WARN_COMMA = YES;
				CLANG_WARN_CONSTANT_CONVERSION = YES;
				CLANG_WARN_DIRECT_OBJC_ISA_USAGE = YES_ERROR;
				CLANG_WARN_DOCUMENTATION_COMMENTS = YES;
				CLANG_WARN_EMPTY_BODY = YES;
				CLANG_WARN_ENUM_CONVERSION = YES;
				CLANG_WARN_INFINITE_RECURSION = YES;
				CLANG_WARN_INT_CONVERSION = YES;
				CLANG_WARN_NON_LITERAL_NULL_CONVERSION = YES;
				CLANG_WARN_OBJC_LITERAL_CONVERSION = YES;
				CLANG_WARN_OBJC_ROOT_CLASS = YES_ERROR;
				CLANG_WARN_RANGE_LOOP_ANALYSIS = YES;
				CLANG_WARN_STRICT_PROTOTYPES = YES;
				CLANG_WARN_SUSPICIOUS_MOVE = YES;
				CLANG_WARN_UNGUARDED_AVAILABILITY = YES_AGGRESSIVE;
				CLANG_WARN_UNREACHABLE_CODE = YES;
				CLANG_WARN__DUPLICATE_METHOD_MATCH = YES;
				CODE_SIGN_IDENTITY = "iPhone Developer";
				COPY_PHASE_STRIP = NO;
				DEBUG_INFORMATION_FORMAT = "dwarf-with-dsym";
				ENABLE_NS_ASSERTIONS = NO;
				ENABLE_STRICT_OBJC_MSGSEND = YES;
				GCC_C_LANGUAGE_STANDARD = gnu11;
				GCC_NO_COMMON_BLOCKS = YES;
				GCC_WARN_64_TO_32_BIT_CONVERSION = YES;
				GCC_WARN_ABOUT_RETURN_TYPE = YES_ERROR;
				GCC_WARN_UNDECLARED_SELECTOR = YES;
				GCC_WARN_UNINITIALIZED_AUTOS = YES_AGGRESSIVE;
				GCC_WARN_UNUSED_FUNCTION = YES;
				GCC_WARN_UNUSED_VARIABLE = YES;
				IPHONEOS_DEPLOYMENT_TARGET = 11.2;
				MTL_ENABLE_DEBUG_INFO = NO;
				SDKROOT = iphoneos;
				VALIDATE_PRODUCT = YES;
			};
			name = Release;
		};
		0EC6824D20774D4500BC310D /* Debug */ = {
			isa = XCBuildConfiguration;
			buildSettings = {
				ASSETCATALOG_COMPILER_APPICON_NAME = AppIcon;
				CODE_SIGN_STYLE = Automatic;
				DEVELOPMENT_TEAM = QFGN7R88RV;
				INFOPLIST_FILE = OneQianDao/Info.plist;
				LD_RUNPATH_SEARCH_PATHS = "$(inherited) @executable_path/Frameworks";
				PRODUCT_BUNDLE_IDENTIFIER = com.5201314baby.OneQianDao;
				PRODUCT_NAME = "$(TARGET_NAME)";
				TARGETED_DEVICE_FAMILY = "1,2";
			};
			name = Debug;
		};
		0EC6824E20774D4500BC310D /* Release */ = {
			isa = XCBuildConfiguration;
			buildSettings = {
				ASSETCATALOG_COMPILER_APPICON_NAME = AppIcon;
				CODE_SIGN_STYLE = Automatic;
				DEVELOPMENT_TEAM = QFGN7R88RV;
				INFOPLIST_FILE = OneQianDao/Info.plist;
				LD_RUNPATH_SEARCH_PATHS = "$(inherited) @executable_path/Frameworks";
				PRODUCT_BUNDLE_IDENTIFIER = com.5201314baby.OneQianDao;
				PRODUCT_NAME = "$(TARGET_NAME)";
				TARGETED_DEVICE_FAMILY = "1,2";
			};
			name = Release;
		};
		0EC6825020774D4500BC310D /* Debug */ = {
			isa = XCBuildConfiguration;
			buildSettings = {
				BUNDLE_LOADER = "$(TEST_HOST)";
				CODE_SIGN_STYLE = Automatic;
				DEVELOPMENT_TEAM = QFGN7R88RV;
				INFOPLIST_FILE = OneQianDaoTests/Info.plist;
				LD_RUNPATH_SEARCH_PATHS = "$(inherited) @executable_path/Frameworks @loader_path/Frameworks";
				PRODUCT_BUNDLE_IDENTIFIER = com.5201314baby.OneQianDaoTests;
				PRODUCT_NAME = "$(TARGET_NAME)";
				TARGETED_DEVICE_FAMILY = "1,2";
				TEST_HOST = "$(BUILT_PRODUCTS_DIR)/OneQianDao.app/OneQianDao";
			};
			name = Debug;
		};
		0EC6825120774D4500BC310D /* Release */ = {
			isa = XCBuildConfiguration;
			buildSettings = {
				BUNDLE_LOADER = "$(TEST_HOST)";
				CODE_SIGN_STYLE = Automatic;
				DEVELOPMENT_TEAM = QFGN7R88RV;
				INFOPLIST_FILE = OneQianDaoTests/Info.plist;
				LD_RUNPATH_SEARCH_PATHS = "$(inherited) @executable_path/Frameworks @loader_path/Frameworks";
				PRODUCT_BUNDLE_IDENTIFIER = com.5201314baby.OneQianDaoTests;
				PRODUCT_NAME = "$(TARGET_NAME)";
				TARGETED_DEVICE_FAMILY = "1,2";
				TEST_HOST = "$(BUILT_PRODUCTS_DIR)/OneQianDao.app/OneQianDao";
			};
			name = Release;
		};
		0EC6825320774D4500BC310D /* Debug */ = {
			isa = XCBuildConfiguration;
			buildSettings = {
				CODE_SIGN_STYLE = Automatic;
				DEVELOPMENT_TEAM = QFGN7R88RV;
				INFOPLIST_FILE = OneQianDaoUITests/Info.plist;
				LD_RUNPATH_SEARCH_PATHS = "$(inherited) @executable_path/Frameworks @loader_path/Frameworks";
				PRODUCT_BUNDLE_IDENTIFIER = com.5201314baby.OneQianDaoUITests;
				PRODUCT_NAME = "$(TARGET_NAME)";
				TARGETED_DEVICE_FAMILY = "1,2";
				TEST_TARGET_NAME = OneQianDao;
			};
			name = Debug;
		};
		0EC6825420774D4500BC310D /* Release */ = {
			isa = XCBuildConfiguration;
			buildSettings = {
				CODE_SIGN_STYLE = Automatic;
				DEVELOPMENT_TEAM = QFGN7R88RV;
				INFOPLIST_FILE = OneQianDaoUITests/Info.plist;
				LD_RUNPATH_SEARCH_PATHS = "$(inherited) @executable_path/Frameworks @loader_path/Frameworks";
				PRODUCT_BUNDLE_IDENTIFIER = com.5201314baby.OneQianDaoUITests;
				PRODUCT_NAME = "$(TARGET_NAME)";
				TARGETED_DEVICE_FAMILY = "1,2";
				TEST_TARGET_NAME = OneQianDao;
			};
			name = Release;
		};
/* End XCBuildConfiguration section */

/* Begin XCConfigurationList section */
		0EC6821B20774D4400BC310D /* Build configuration list for PBXProject "OneQianDao" */ = {
			isa = XCConfigurationList;
			buildConfigurations = (
				0EC6824A20774D4500BC310D /* Debug */,
				0EC6824B20774D4500BC310D /* Release */,
			);
			defaultConfigurationIsVisible = 0;
			defaultConfigurationName = Release;
		};
		0EC6824C20774D4500BC310D /* Build configuration list for PBXNativeTarget "OneQianDao" */ = {
			isa = XCConfigurationList;
			buildConfigurations = (
				0EC6824D20774D4500BC310D /* Debug */,
				0EC6824E20774D4500BC310D /* Release */,
			);
			defaultConfigurationIsVisible = 0;
			defaultConfigurationName = Release;
		};
		0EC6824F20774D4500BC310D /* Build configuration list for PBXNativeTarget "OneQianDaoTests" */ = {
			isa = XCConfigurationList;
			buildConfigurations = (
				0EC6825020774D4500BC310D /* Debug */,
				0EC6825120774D4500BC310D /* Release */,
			);
			defaultConfigurationIsVisible = 0;
			defaultConfigurationName = Release;
		};
		0EC6825220774D4500BC310D /* Build configuration list for PBXNativeTarget "OneQianDaoUITests" */ = {
			isa = XCConfigurationList;
			buildConfigurations = (
				0EC6825320774D4500BC310D /* Debug */,
				0EC6825420774D4500BC310D /* Release */,
			);
			defaultConfigurationIsVisible = 0;
			defaultConfigurationName = Release;
		};
/* End XCConfigurationList section */
	};
	rootObject = 0EC6821820774D4400BC310D /* Project object */;
}
